{
    "name": "com.dashcamtest.app",
    "version": "1.0.0",
    "lockfileVersion": 1,
    "requires": true,
    "dependencies": {
        "cordova-plugin-android-wifi-manager": {
            "version": "1.2.1",
            "resolved": "https://registry.npmjs.org/cordova-plugin-android-wifi-manager/-/cordova-plugin-android-wifi-manager-1.2.1.tgz",
            "integrity": "sha512-Jrw0kGg21eQXTSl0I/zUsR5e0W9YQkPiWzikebcdN0dQya2MbAgzQ+UiedBSd+4TmkY4rRV2hv4SSr4ZtLFy0g=="
        },
        "cordova-plugin-file-transfer": {
            "version": "1.7.1",
            "resolved": "https://registry.npmjs.org/cordova-plugin-file-transfer/-/cordova-plugin-file-transfer-1.7.1.tgz",
            "integrity": "sha1-p12L4uvDu5sjxbG70ZkhTsJnWGs="
        },
        "cordova-plugin-wifiwizard2": {
            "version": "3.1.1",
            "resolved": "https://registry.npmjs.org/cordova-plugin-wifiwizard2/-/cordova-plugin-wifiwizard2-3.1.1.tgz",
            "integrity": "sha512-Vd4aYUAxCTR6+zhhSOToWi67wT4Vycq4lYB4HnnxFWxrL3ewuKshq9eLxrrwIHwPvPI4u4g06+5jO9PnwEiKOw=="
        }
    }
}
